// !$*UTF8*$!
{
	archiveVersion = 1;
	classes = {
	};
	objectVersion = 46;
	objects = {

/* Begin PBXBuildFile section */
		6AF6DCD51CEADA6200AEC9AA /* AppDelegate.swift in Sources */ = {isa = PBXBuildFile; fileRef = 6AF6DCD41CEADA6200AEC9AA /* AppDelegate.swift */; };
		6AF6DCD71CEADA6200AEC9AA /* ViewController.swift in Sources */ = {isa = PBXBuildFile; fileRef = 6AF6DCD61CEADA6200AEC9AA /* ViewController.swift */; };
		6AF6DCDA1CEADA6200AEC9AA /* Main.storyboard in Resources */ = {isa = PBXBuildFile; fileRef = 6AF6DCD81CEADA6200AEC9AA /* Main.storyboard */; };
		6AF6DCDC1CEADA6200AEC9AA /* Assets.xcassets in Resources */ = {isa = PBXBuildFile; fileRef = 6AF6DCDB1CEADA6200AEC9AA /* Assets.xcassets */; };
		6AF6DCDF1CEADA6200AEC9AA /* LaunchScreen.storyboard in Resources */ = {isa = PBXBuildFile; fileRef = 6AF6DCDD1CEADA6200AEC9AA /* LaunchScreen.storyboard */; };
/* End PBXBuildFile section */

/* Begin PBXFileReference section */
		6AF6DCD11CEADA6200AEC9AA /* Bluetooth.app */ = {isa = PBXFileReference; explicitFileType = wrapper.application; includeInIndex = 0; path = Bluetooth.app; sourceTree = BUILT_PRODUCTS_DIR; };
		6AF6DCD41CEADA6200AEC9AA /* AppDelegate.swift */ = {isa = PBXFileReference; lastKnownFileType = sourcecode.swift; path = AppDelegate.swift; sourceTree = "<group>"; };
		6AF6DCD61CEADA6200AEC9AA /* ViewController.swift */ = {isa = PBXFileReference; lastKnownFileType = sourcecode.swift; path = ViewController.swift; sourceTree = "<group>"; };
		6AF6DCD91CEADA6200AEC9AA /* Base */ = {isa = PBXFileReference; lastKnownFileType = file.storyboard; name = Base; path = Base.lproj/Main.storyboard; sourceTree = "<group>"; };
		6AF6DCDB1CEADA6200AEC9AA /* Assets.xcassets */ = {isa = PBXFileReference; lastKnownFileType = folder.assetcatalog; path = Assets.xcassets; sourceTree = "<group>"; };
		6AF6DCDE1CEADA6200AEC9AA /* Base */ = {isa = PBXFileReference; lastKnownFileType = file.storyboard; name = Base; path = Base.lproj/LaunchScreen.storyboard; sourceTree = "<group>"; };
		6AF6DCE01CEADA6200AEC9AA /* Info.plist */ = {isa = PBXFileReference; lastKnownFileType = text.plist.xml; path = Info.plist; sourceTree = "<group>"; };
/* End PBXFileReference section */

/* Begin PBXFrameworksBuildPhase section */
		6AF6DCCE1CEADA6200AEC9AA /* Frameworks */ = {
			isa = PBXFrameworksBuildPhase;
			buildActionMask = 2147483647;
			files = (
			);
			runOnlyForDeploymentPostprocessing = 0;
		};
/* End PBXFrameworksBuildPhase section */

/* Begin PBXGroup section */
		6AF6DCC81CEADA6200AEC9AA = {
			isa = PBXGroup;
			children = (
				6AF6DCD31CEADA6200AEC9AA /* Bluetooth */,
				6AF6DCD21CEADA6200AEC9AA /* Products */,
			);
			sourceTree = "<group>";
		};
		6AF6DCD21CEADA6200AEC9AA /* Products */ = {
			isa = PBXGroup;
			children = (
				6AF6DCD11CEADA6200AEC9AA /* Bluetooth.app */,
			);
			name = Products;
			sourceTree = "<group>";
		};
		6AF6DCD31CEADA6200AEC9AA /* Bluetooth */ = {
			isa = PBXGroup;
			children = (
				6AF6DCD41CEADA6200AEC9AA /* AppDelegate.swift */,
				6AF6DCD61CEADA6200AEC9AA /* ViewController.swift */,
				6AF6DCD81CEADA6200AEC9AA /* Main.storyboard */,
				6AF6DCDB1CEADA6200AEC9AA /* Assets.xcassets */,
				6AF6DCDD1CEADA6200AEC9AA /* LaunchScreen.storyboard */,
				6AF6DCE01CEADA6200AEC9AA /* Info.plist */,
			);
			path = Bluetooth;
			sourceTree = "<group>";
		};
/* End PBXGroup section */

/* Begin PBXNativeTarget section */
		6AF6DCD01CEADA6200AEC9AA /* Bluetooth */ = {
			isa = PBXNativeTarget;
			buildConfigurationList = 6AF6DCE31CEADA6200AEC9AA /* Build configuration list for PBXNativeTarget "Bluetooth" */;
			buildPhases = (
				6AF6DCCD1CEADA6200AEC9AA /* Sources */,
				6AF6DCCE1CEADA6200AEC9AA /* Frameworks */,
				6AF6DCCF1CEADA6200AEC9AA /* Resources */,
			);
			buildRules = (
			);
			dependencies = (
			);
			name = Bluetooth;
			productName = Bluetooth;
			productReference = 6AF6DCD11CEADA6200AEC9AA /* Bluetooth.app */;
			productType = "com.apple.product-type.application";
		};
/* End PBXNativeTarget section */

/* Begin PBXProject section */
		6AF6DCC91CEADA6200AEC9AA /* Project object */ = {
			isa = PBXProject;
			attributes = {
				LastSwiftUpdateCheck = 0730;
				LastUpgradeCheck = 0730;
				ORGANIZATIONNAME = JinGu;
				TargetAttributes = {
					6AF6DCD01CEADA6200AEC9AA = {
						CreatedOnToolsVersion = 7.3;
					};
				};
			};
			buildConfigurationList = 6AF6DCCC1CEADA6200AEC9AA /* Build configuration list for PBXProject "Bluetooth" */;
			compatibilityVersion = "Xcode 3.2";
			developmentRegion = English;
			hasScannedForEncodings = 0;
			knownRegions = (
				en,
				Base,
			);
			mainGroup = 6AF6DCC81CEADA6200AEC9AA;
			productRefGroup = 6AF6DCD21CEADA6200AEC9AA /* Products */;
			projectDirPath = "";
			projectRoot = "";
			targets = (
				6AF6DCD01CEADA6200AEC9AA /* Bluetooth */,
			);
		};
/* End PBXProject section */

/* Begin PBXResourcesBuildPhase section */
		6AF6DCCF1CEADA6200AEC9AA /* Resources */ = {
			isa = PBXResourcesBuildPhase;
			buildActionMask = 2147483647;
			files = (
				6AF6DCDF1CEADA6200AEC9AA /* LaunchScreen.storyboard in Resources */,
				6AF6DCDC1CEADA6200AEC9AA /* Assets.xcassets in Resources */,
				6AF6DCDA1CEADA6200AEC9AA /* Main.storyboard in Resources */,
			);
			runOnlyForDeploymentPostprocessing = 0;
		};
/* End PBXResourcesBuildPhase section */

/* Begin PBXSourcesBuildPhase section */
		6AF6DCCD1CEADA6200AEC9AA /* Sources */ = {
			isa = PBXSourcesBuildPhase;
			buildActionMask = 2147483647;
			files = (
				6AF6DCD71CEADA6200AEC9AA /* ViewController.swift in Sources */,
				6AF6DCD51CEADA6200AEC9AA /* AppDelegate.swift in Sources */,
			);
			runOnlyForDeploymentPostprocessing = 0;
		};
/* End PBXSourcesBuildPhase section */

/* Begin PBXVariantGroup section */
		6AF6DCD81CEADA6200AEC9AA /* Main.storyboard */ = {
			isa = PBXVariantGroup;
			children = (
				6AF6DCD91CEADA6200AEC9AA /* Base */,
			);
			name = Main.storyboard;
			sourceTree = "<group>";
		};
		6AF6DCDD1CEADA6200AEC9AA /* LaunchScreen.storyboard */ = {
			isa = PBXVariantGroup;
			children = (
				6AF6DCDE1CEADA6200AEC9AA /* Base */,
			);
			name = LaunchScreen.storyboard;
			sourceTree = "<group>";
		};
/* End PBXVariantGroup section */

/* Begin XCBuildConfiguration section */
		6AF6DCE11CEADA6200AEC9AA /* Debug */ = {
			isa = XCBuildConfiguration;
			buildSettings = {
				ALWAYS_SEARCH_USER_PATHS = NO;
				CLANG_ANALYZER_NONNULL = YES;
				CLANG_CXX_LANGUAGE_STANDARD = "gnu++0x";
				CLANG_CXX_LIBRARY = "libc++";
				CLANG_ENABLE_MODULES = YES;
				CLANG_ENABLE_OBJC_ARC = YES;
				CLANG_WARN_BOOL_CONVERSION = YES;
				CLANG_WARN_CONSTANT_CONVERSION = YES;
				CLANG_WARN_DIRECT_OBJC_ISA_USAGE = YES_ERROR;
				CLANG_WARN_EMPTY_BODY = YES;
				CLANG_WARN_ENUM_CONVERSION = YES;
				CLANG_WARN_INT_CONVERSION = YES;
				CLANG_WARN_OBJC_ROOT_CLASS = YES_ERROR;
				CLANG_WARN_UNREACHABLE_CODE = YES;
				CLANG_WARN__DUPLICATE_METHOD_MATCH = YES;
				"CODE_SIGN_IDENTITY[sdk=iphoneos*]" = "iPhone Developer";
				COPY_PHASE_STRIP = NO;
				DEBUG_INFORMATION_FORMAT = dwarf;
				ENABLE_STRICT_OBJC_MSGSEND = YES;
				ENABLE_TESTABILITY = YES;
				GCC_C_LANGUAGE_STANDARD = gnu99;
				GCC_DYNAMIC_NO_PIC = NO;
				GCC_NO_COMMON_BLOCKS = YES;
				GCC_OPTIMIZATION_LEVEL = 0;
				GCC_PREPROCESSOR_DEFINITIONS = (
					"DEBUG=1",
					"$(inherited)",
				);
				GCC_WARN_64_TO_32_BIT_CONVERSION = YES;
				GCC_WARN_ABOUT_RETURN_TYPE = YES_ERROR;
				GCC_WARN_UNDECLARED_SELECTOR = YES;
				GCC_WARN_UNINITIALIZED_AUTOS = YES_AGGRESSIVE;
				GCC_WARN_UNUSED_FUNCTION = YES;
				GCC_WARN_UNUSED_VARIABLE = YES;
				IPHONEOS_DEPLOYMENT_TARGET = 9.3;
				MTL_ENABLE_DEBUG_INFO = YES;
				ONLY_ACTIVE_ARCH = YES;
				SDKROOT = iphoneos;
				SWIFT_OPTIMIZATION_LEVEL = "-Onone";
			};
			name = Debug;
		};
		6AF6DCE21CEADA6200AEC9AA /* Release */ = {
			isa = XCBuildConfiguration;
			buildSettings = {
				ALWAYS_SEARCH_USER_PATHS = NO;
				CLANG_ANALYZER_NONNULL = YES;
				CLANG_CXX_LANGUAGE_STANDARD = "gnu++0x";
				CLANG_CXX_LIBRARY = "libc++";
				CLANG_ENABLE_MODULES = YES;
				CLANG_ENABLE_OBJC_ARC = YES;
				CLANG_WARN_BOOL_CONVERSION = YES;
				CLANG_WARN_CONSTANT_CONVERSION = YES;
				CLANG_WARN_DIRECT_OBJC_ISA_USAGE = YES_ERROR;
				CLANG_WARN_EMPTY_BODY = YES;
				CLANG_WARN_ENUM_CONVERSION = YES;
				CLANG_WARN_INT_CONVERSION = YES;
				CLANG_WARN_OBJC_ROOT_CLASS = YES_ERROR;
				CLANG_WARN_UNREACHABLE_CODE = YES;
				CLANG_WARN__DUPLICATE_METHOD_MATCH = YES;
				"CODE_SIGN_IDENTITY[sdk=iphoneos*]" = "iPhone Developer";
				COPY_PHASE_STRIP = NO;
				DEBUG_INFORMATION_FORMAT = "dwarf-with-dsym";
				ENABLE_NS_ASSERTIONS = NO;
				ENABLE_STRICT_OBJC_MSGSEND = YES;
				GCC_C_LANGUAGE_STANDARD = gnu99;
				GCC_NO_COMMON_BLOCKS = YES;
				GCC_WARN_64_TO_32_BIT_CONVERSION = YES;
				GCC_WARN_ABOUT_RETURN_TYPE = YES_ERROR;
				GCC_WARN_UNDECLARED_SELECTOR = YES;
				GCC_WARN_UNINITIALIZED_AUTOS = YES_AGGRESSIVE;
				GCC_WARN_UNUSED_FUNCTION = YES;
				GCC_WARN_UNUSED_VARIABLE = YES;
				IPHONEOS_DEPLOYMENT_TARGET = 9.3;
				MTL_ENABLE_DEBUG_INFO = NO;
				SDKROOT = iphoneos;
				VALIDATE_PRODUCT = YES;
			};
			name = Release;
		};
		6AF6DCE41CEADA6200AEC9AA /* Debug */ = {
			isa = XCBuildConfiguration;
			buildSettings = {
				ASSETCATALOG_COMPILER_APPICON_NAME = AppIcon;
				INFOPLIST_FILE = Bluetooth/Info.plist;
				LD_RUNPATH_SEARCH_PATHS = "$(inherited) @executable_path/Frameworks";
				PRODUCT_BUNDLE_IDENTIFIER = com.recursivesoft.Bluetooth;
				PRODUCT_NAME = "$(TARGET_NAME)";
			};
			name = Debug;
		};
		6AF6DCE51CEADA6200AEC9AA /* Release */ = {
			isa = XCBuildConfiguration;
			buildSettings = {
				ASSETCATALOG_COMPILER_APPICON_NAME = AppIcon;
				INFOPLIST_FILE = Bluetooth/Info.plist;
				LD_RUNPATH_SEARCH_PATHS = "$(inherited) @executable_path/Frameworks";
				PRODUCT_BUNDLE_IDENTIFIER = com.recursivesoft.Bluetooth;
				PRODUCT_NAME = "$(TARGET_NAME)";
			};
			name = Release;
		};
/* End XCBuildConfiguration section */

/* Begin XCConfigurationList section */
		6AF6DCCC1CEADA6200AEC9AA /* Build configuration list for PBXProject "Bluetooth" */ = {
			isa = XCConfigurationList;
			buildConfigurations = (
				6AF6DCE11CEADA6200AEC9AA /* Debug */,
				6AF6DCE21CEADA6200AEC9AA /* Release */,
			);
			defaultConfigurationIsVisible = 0;
			defaultConfigurationName = Release;
		};
		6AF6DCE31CEADA6200AEC9AA /* Build configuration list for PBXNativeTarget "Bluetooth" */ = {
			isa = XCConfigurationList;
			buildConfigurations = (
				6AF6DCE41CEADA6200AEC9AA /* Debug */,
				6AF6DCE51CEADA6200AEC9AA /* Release */,
			);
			defaultConfigurationIsVisible = 0;
		};
/* End XCConfigurationList section */
	};
	rootObject = 6AF6DCC91CEADA6200AEC9AA /* Project object */;
}
